
Microsoft Visual Studio Solution File, Format Version 12.00
# Visual Studio Version 17
VisualStudioVersion = 17.0.31903.59
MinimumVisualStudioVersion = 10.0.40219.1
Project("{FAE04EC0-301F-11D3-BF4B-00C04F79EFBC}") = "web-api-thell-u3", "web-api-thell-u3\web-api-thell-u3.csproj", "{98818F1C-17A5-4C4C-8BAA-A03AE8642042}"
EndProject
Global
	GlobalSection(SolutionConfigurationPlatforms) = preSolution
		Debug|Any CPU = Debug|Any CPU
		Release|Any CPU = Release|Any CPU
	EndGlobalSection
	GlobalSection(SolutionProperties) = preSolution
		HideSolutionNode = FALSE
	EndGlobalSection
	GlobalSection(ProjectConfigurationPlatforms) = postSolution
		{98818F1C-17A5-4C4C-8BAA-A03AE8642042}.Debug|Any CPU.ActiveCfg = Debug|Any CPU
		{98818F1C-17A5-4C4C-8BAA-A03AE8642042}.Debug|Any CPU.Build.0 = Debug|Any CPU
		{98818F1C-17A5-4C4C-8BAA-A03AE8642042}.Release|Any CPU.ActiveCfg = Release|Any CPU
		{98818F1C-17A5-4C4C-8BAA-A03AE8642042}.Release|Any CPU.Build.0 = Release|Any CPU
		{BC1D0D95-D631-4CFE-A802-C277872A708F}.Debug|Any CPU.ActiveCfg = Debug|Any CPU
		{BC1D0D95-D631-4CFE-A802-C277872A708F}.Debug|Any CPU.Build.0 = Debug|Any CPU
		{BC1D0D95-D631-4CFE-A802-C277872A708F}.Release|Any CPU.ActiveCfg = Release|Any CPU
		{BC1D0D95-D631-4CFE-A802-C277872A708F}.Release|Any CPU.Build.0 = Release|Any CPU
	EndGlobalSection
EndGlobal
